// !$*UTF8*$!
{
	archiveVersion = 1;
	classes = {
	};
	objectVersion = 50;
	objects = {

/* Begin PBXBuildFile section */
		4200E12720DBE581001B3F8C /* ParseManager.swift in Sources */ = {isa = PBXBuildFile; fileRef = 4200E12620DBE581001B3F8C /* ParseManager.swift */; };
		423BF91920D98A80002021BA /* DatabaseService.swift in Sources */ = {isa = PBXBuildFile; fileRef = 423BF91820D98A80002021BA /* DatabaseService.swift */; };
		423BF91B20D991A0002021BA /* GoogleService-Info.plist in Resources */ = {isa = PBXBuildFile; fileRef = 423BF91A20D9919F002021BA /* GoogleService-Info.plist */; };
		423BF92420DA9BE9002021BA /* Recipes.swift in Sources */ = {isa = PBXBuildFile; fileRef = 423BF92320DA9BE9002021BA /* Recipes.swift */; };
		42453C6020DD6A4A00DD0400 /* CardView.swift in Sources */ = {isa = PBXBuildFile; fileRef = 42453C5F20DD6A4A00DD0400 /* CardView.swift */; };
		42453C6420DEC88100DD0400 /* CategoryCell.swift in Sources */ = {isa = PBXBuildFile; fileRef = 42453C6320DEC88100DD0400 /* CategoryCell.swift */; };
		42453C6820DF380E00DD0400 /* RecipeCell.swift in Sources */ = {isa = PBXBuildFile; fileRef = 42453C6720DF380E00DD0400 /* RecipeCell.swift */; };
		42453C6A20E289FB00DD0400 /* LouisGeorgeCafeBold.ttf in Resources */ = {isa = PBXBuildFile; fileRef = 42453C6920E289FA00DD0400 /* LouisGeorgeCafeBold.ttf */; };
		42453C6B20E289FB00DD0400 /* LouisGeorgeCafeBold.ttf in Resources */ = {isa = PBXBuildFile; fileRef = 42453C6920E289FA00DD0400 /* LouisGeorgeCafeBold.ttf */; };
		42453C6C20E289FB00DD0400 /* LouisGeorgeCafeBold.ttf in Resources */ = {isa = PBXBuildFile; fileRef = 42453C6920E289FA00DD0400 /* LouisGeorgeCafeBold.ttf */; };
		42453C6E20E28B3D00DD0400 /* LouisGeorgeCafe.ttf in Resources */ = {isa = PBXBuildFile; fileRef = 42453C6D20E28B3C00DD0400 /* LouisGeorgeCafe.ttf */; };
		42453C6F20E28B3D00DD0400 /* LouisGeorgeCafe.ttf in Resources */ = {isa = PBXBuildFile; fileRef = 42453C6D20E28B3C00DD0400 /* LouisGeorgeCafe.ttf */; };
		42453C7020E28B3D00DD0400 /* LouisGeorgeCafe.ttf in Resources */ = {isa = PBXBuildFile; fileRef = 42453C6D20E28B3C00DD0400 /* LouisGeorgeCafe.ttf */; };
		42501DB220E2A89100F67532 /* RecipesDetailsViewController.swift in Sources */ = {isa = PBXBuildFile; fileRef = 42501DB120E2A89100F67532 /* RecipesDetailsViewController.swift */; };
		42D609B320E31FF800349CB4 /* ObjectsManager.swift in Sources */ = {isa = PBXBuildFile; fileRef = 42D609B220E31FF800349CB4 /* ObjectsManager.swift */; };
		42D609B520E321BC00349CB4 /* Category.swift in Sources */ = {isa = PBXBuildFile; fileRef = 42D609B420E321BC00349CB4 /* Category.swift */; };
		AE1C083B20DACBAC00B0BB14 /* Interface.storyboard in Resources */ = {isa = PBXBuildFile; fileRef = AE1C083920DACBAC00B0BB14 /* Interface.storyboard */; };
		AE1C083D20DACBAD00B0BB14 /* Assets.xcassets in Resources */ = {isa = PBXBuildFile; fileRef = AE1C083C20DACBAD00B0BB14 /* Assets.xcassets */; };
		AE1C084420DACBAD00B0BB14 /* WatchAndSee Watch Extension.appex in Embed App Extensions */ = {isa = PBXBuildFile; fileRef = AE1C084320DACBAD00B0BB14 /* WatchAndSee Watch Extension.appex */; settings = {ATTRIBUTES = (RemoveHeadersOnCopy, ); }; };
		AE1C084920DACBAD00B0BB14 /* InterfaceController.swift in Sources */ = {isa = PBXBuildFile; fileRef = AE1C084820DACBAD00B0BB14 /* InterfaceController.swift */; };
		AE1C084B20DACBAD00B0BB14 /* ExtensionDelegate.swift in Sources */ = {isa = PBXBuildFile; fileRef = AE1C084A20DACBAD00B0BB14 /* ExtensionDelegate.swift */; };
		AE1C084D20DACBAD00B0BB14 /* NotificationController.swift in Sources */ = {isa = PBXBuildFile; fileRef = AE1C084C20DACBAD00B0BB14 /* NotificationController.swift */; };
		AE1C084F20DACBAE00B0BB14 /* Assets.xcassets in Resources */ = {isa = PBXBuildFile; fileRef = AE1C084E20DACBAE00B0BB14 /* Assets.xcassets */; };
		AE1C085420DACBAE00B0BB14 /* WatchAndSee Watch.app in Embed Watch Content */ = {isa = PBXBuildFile; fileRef = AE1C083720DACBAC00B0BB14 /* WatchAndSee Watch.app */; };
		AE4F7EE220D9869E0050C176 /* AppDelegate.swift in Sources */ = {isa = PBXBuildFile; fileRef = AE4F7EE120D9869E0050C176 /* AppDelegate.swift */; };
		AE4F7EE420D9869F0050C176 /* ViewController.swift in Sources */ = {isa = PBXBuildFile; fileRef = AE4F7EE320D9869F0050C176 /* ViewController.swift */; };
		AE4F7EE720D9869F0050C176 /* Main.storyboard in Resources */ = {isa = PBXBuildFile; fileRef = AE4F7EE520D9869F0050C176 /* Main.storyboard */; };
		AE4F7EEA20D9869F0050C176 /* WatchAndSee.xcdatamodeld in Sources */ = {isa = PBXBuildFile; fileRef = AE4F7EE820D9869F0050C176 /* WatchAndSee.xcdatamodeld */; };
		AE4F7EEC20D986A10050C176 /* Assets.xcassets in Resources */ = {isa = PBXBuildFile; fileRef = AE4F7EEB20D986A10050C176 /* Assets.xcassets */; };
		AE4F7EEF20D986A10050C176 /* LaunchScreen.storyboard in Resources */ = {isa = PBXBuildFile; fileRef = AE4F7EED20D986A10050C176 /* LaunchScreen.storyboard */; };
		AEB0091120DD42810089224B /* Step.swift in Sources */ = {isa = PBXBuildFile; fileRef = AEB0091020DD42810089224B /* Step.swift */; };
		AEFE4E5620E175C900D5688E /* WatchTestViewController.swift in Sources */ = {isa = PBXBuildFile; fileRef = AEFE4E5520E175C900D5688E /* WatchTestViewController.swift */; };
		F2772CF693FC58EC9D46F939 /* Pods_WatchAndSee.framework in Frameworks */ = {isa = PBXBuildFile; fileRef = 2E24E44CFB2E021E1A4E858A /* Pods_WatchAndSee.framework */; };
/* End PBXBuildFile section */

/* Begin PBXContainerItemProxy section */
		AE1C084520DACBAD00B0BB14 /* PBXContainerItemProxy */ = {
			isa = PBXContainerItemProxy;
			containerPortal = AE4F7ED620D9869E0050C176 /* Project object */;
			proxyType = 1;
			remoteGlobalIDString = AE1C084220DACBAD00B0BB14;
			remoteInfo = "WatchAndSee Watch Extension";
		};
		AE1C085220DACBAE00B0BB14 /* PBXContainerItemProxy */ = {
			isa = PBXContainerItemProxy;
			containerPortal = AE4F7ED620D9869E0050C176 /* Project object */;
			proxyType = 1;
			remoteGlobalIDString = AE1C083620DACBAC00B0BB14;
			remoteInfo = "WatchAndSee Watch";
		};
/* End PBXContainerItemProxy section */

/* Begin PBXCopyFilesBuildPhase section */
		AE1C085820DACBAE00B0BB14 /* Embed App Extensions */ = {
			isa = PBXCopyFilesBuildPhase;
			buildActionMask = 2147483647;
			dstPath = "";
			dstSubfolderSpec = 13;
			files = (
				AE1C084420DACBAD00B0BB14 /* WatchAndSee Watch Extension.appex in Embed App Extensions */,
			);
			name = "Embed App Extensions";
			runOnlyForDeploymentPostprocessing = 0;
		};
		AE1C085C20DACBAE00B0BB14 /* Embed Watch Content */ = {
			isa = PBXCopyFilesBuildPhase;
			buildActionMask = 2147483647;
			dstPath = "$(CONTENTS_FOLDER_PATH)/Watch";
			dstSubfolderSpec = 16;
			files = (
				AE1C085420DACBAE00B0BB14 /* WatchAndSee Watch.app in Embed Watch Content */,
			);
			name = "Embed Watch Content";
			runOnlyForDeploymentPostprocessing = 0;
		};
/* End PBXCopyFilesBuildPhase section */

/* Begin PBXFileReference section */
		2E24E44CFB2E021E1A4E858A /* Pods_WatchAndSee.framework */ = {isa = PBXFileReference; explicitFileType = wrapper.framework; includeInIndex = 0; path = Pods_WatchAndSee.framework; sourceTree = BUILT_PRODUCTS_DIR; };
		4200E12620DBE581001B3F8C /* ParseManager.swift */ = {isa = PBXFileReference; lastKnownFileType = sourcecode.swift; path = ParseManager.swift; sourceTree = "<group>"; };
		423BF91820D98A80002021BA /* DatabaseService.swift */ = {isa = PBXFileReference; lastKnownFileType = sourcecode.swift; path = DatabaseService.swift; sourceTree = "<group>"; };
		423BF91A20D9919F002021BA /* GoogleService-Info.plist */ = {isa = PBXFileReference; fileEncoding = 4; lastKnownFileType = text.plist.xml; path = "GoogleService-Info.plist"; sourceTree = "<group>"; };
		423BF92320DA9BE9002021BA /* Recipes.swift */ = {isa = PBXFileReference; lastKnownFileType = sourcecode.swift; path = Recipes.swift; sourceTree = "<group>"; };
		42453C5F20DD6A4A00DD0400 /* CardView.swift */ = {isa = PBXFileReference; lastKnownFileType = sourcecode.swift; path = CardView.swift; sourceTree = "<group>"; };
		42453C6320DEC88100DD0400 /* CategoryCell.swift */ = {isa = PBXFileReference; lastKnownFileType = sourcecode.swift; path = CategoryCell.swift; sourceTree = "<group>"; };
		42453C6720DF380E00DD0400 /* RecipeCell.swift */ = {isa = PBXFileReference; lastKnownFileType = sourcecode.swift; path = RecipeCell.swift; sourceTree = "<group>"; };
		42453C6920E289FA00DD0400 /* LouisGeorgeCafeBold.ttf */ = {isa = PBXFileReference; lastKnownFileType = file; path = LouisGeorgeCafeBold.ttf; sourceTree = "<group>"; };
		42453C6D20E28B3C00DD0400 /* LouisGeorgeCafe.ttf */ = {isa = PBXFileReference; lastKnownFileType = file; path = LouisGeorgeCafe.ttf; sourceTree = "<group>"; };
		42501DB120E2A89100F67532 /* RecipesDetailsViewController.swift */ = {isa = PBXFileReference; lastKnownFileType = sourcecode.swift; path = RecipesDetailsViewController.swift; sourceTree = "<group>"; };
		42D609B220E31FF800349CB4 /* ObjectsManager.swift */ = {isa = PBXFileReference; lastKnownFileType = sourcecode.swift; path = ObjectsManager.swift; sourceTree = "<group>"; };
		42D609B420E321BC00349CB4 /* Category.swift */ = {isa = PBXFileReference; lastKnownFileType = sourcecode.swift; path = Category.swift; sourceTree = "<group>"; };
		55B9C0E03C3DACE156B916A8 /* Pods-WatchAndSee.release.xcconfig */ = {isa = PBXFileReference; includeInIndex = 1; lastKnownFileType = text.xcconfig; name = "Pods-WatchAndSee.release.xcconfig"; path = "Pods/Target Support Files/Pods-WatchAndSee/Pods-WatchAndSee.release.xcconfig"; sourceTree = "<group>"; };
		AE1C083720DACBAC00B0BB14 /* WatchAndSee Watch.app */ = {isa = PBXFileReference; explicitFileType = wrapper.application; includeInIndex = 0; path = "WatchAndSee Watch.app"; sourceTree = BUILT_PRODUCTS_DIR; };
		AE1C083A20DACBAC00B0BB14 /* Base */ = {isa = PBXFileReference; lastKnownFileType = file.storyboard; name = Base; path = Base.lproj/Interface.storyboard; sourceTree = "<group>"; };
		AE1C083C20DACBAD00B0BB14 /* Assets.xcassets */ = {isa = PBXFileReference; lastKnownFileType = folder.assetcatalog; path = Assets.xcassets; sourceTree = "<group>"; };
		AE1C083E20DACBAD00B0BB14 /* Info.plist */ = {isa = PBXFileReference; lastKnownFileType = text.plist.xml; path = Info.plist; sourceTree = "<group>"; };
		AE1C084320DACBAD00B0BB14 /* WatchAndSee Watch Extension.appex */ = {isa = PBXFileReference; explicitFileType = "wrapper.app-extension"; includeInIndex = 0; path = "WatchAndSee Watch Extension.appex"; sourceTree = BUILT_PRODUCTS_DIR; };
		AE1C084820DACBAD00B0BB14 /* InterfaceController.swift */ = {isa = PBXFileReference; lastKnownFileType = sourcecode.swift; path = InterfaceController.swift; sourceTree = "<group>"; };
		AE1C084A20DACBAD00B0BB14 /* ExtensionDelegate.swift */ = {isa = PBXFileReference; lastKnownFileType = sourcecode.swift; path = ExtensionDelegate.swift; sourceTree = "<group>"; };
		AE1C084C20DACBAD00B0BB14 /* NotificationController.swift */ = {isa = PBXFileReference; lastKnownFileType = sourcecode.swift; path = NotificationController.swift; sourceTree = "<group>"; };
		AE1C084E20DACBAE00B0BB14 /* Assets.xcassets */ = {isa = PBXFileReference; lastKnownFileType = folder.assetcatalog; path = Assets.xcassets; sourceTree = "<group>"; };
		AE1C085020DACBAE00B0BB14 /* Info.plist */ = {isa = PBXFileReference; lastKnownFileType = text.plist.xml; path = Info.plist; sourceTree = "<group>"; };
		AE1C085120DACBAE00B0BB14 /* PushNotificationPayload.apns */ = {isa = PBXFileReference; lastKnownFileType = text; path = PushNotificationPayload.apns; sourceTree = "<group>"; };
		AE4F7EDE20D9869E0050C176 /* WatchAndSee.app */ = {isa = PBXFileReference; explicitFileType = wrapper.application; includeInIndex = 0; path = WatchAndSee.app; sourceTree = BUILT_PRODUCTS_DIR; };
		AE4F7EE120D9869E0050C176 /* AppDelegate.swift */ = {isa = PBXFileReference; lastKnownFileType = sourcecode.swift; path = AppDelegate.swift; sourceTree = "<group>"; };
		AE4F7EE320D9869F0050C176 /* ViewController.swift */ = {isa = PBXFileReference; lastKnownFileType = sourcecode.swift; path = ViewController.swift; sourceTree = "<group>"; };
		AE4F7EE620D9869F0050C176 /* Base */ = {isa = PBXFileReference; lastKnownFileType = file.storyboard; name = Base; path = Base.lproj/Main.storyboard; sourceTree = "<group>"; };
		AE4F7EE920D9869F0050C176 /* WatchAndSee.xcdatamodel */ = {isa = PBXFileReference; lastKnownFileType = wrapper.xcdatamodel; path = WatchAndSee.xcdatamodel; sourceTree = "<group>"; };
		AE4F7EEB20D986A10050C176 /* Assets.xcassets */ = {isa = PBXFileReference; lastKnownFileType = folder.assetcatalog; path = Assets.xcassets; sourceTree = "<group>"; };
		AE4F7EEE20D986A10050C176 /* Base */ = {isa = PBXFileReference; lastKnownFileType = file.storyboard; name = Base; path = Base.lproj/LaunchScreen.storyboard; sourceTree = "<group>"; };
		AE4F7EF020D986A20050C176 /* Info.plist */ = {isa = PBXFileReference; lastKnownFileType = text.plist.xml; path = Info.plist; sourceTree = "<group>"; };
		AEB0091020DD42810089224B /* Step.swift */ = {isa = PBXFileReference; lastKnownFileType = sourcecode.swift; path = Step.swift; sourceTree = "<group>"; };
		AEFE4E5520E175C900D5688E /* WatchTestViewController.swift */ = {isa = PBXFileReference; lastKnownFileType = sourcecode.swift; path = WatchTestViewController.swift; sourceTree = "<group>"; };
		C48E515B42E128347C9FC879 /* Pods-WatchAndSee.debug.xcconfig */ = {isa = PBXFileReference; includeInIndex = 1; lastKnownFileType = text.xcconfig; name = "Pods-WatchAndSee.debug.xcconfig"; path = "Pods/Target Support Files/Pods-WatchAndSee/Pods-WatchAndSee.debug.xcconfig"; sourceTree = "<group>"; };
/* End PBXFileReference section */

/* Begin PBXFrameworksBuildPhase section */
		AE1C084020DACBAD00B0BB14 /* Frameworks */ = {
			isa = PBXFrameworksBuildPhase;
			buildActionMask = 2147483647;
			files = (
			);
			runOnlyForDeploymentPostprocessing = 0;
		};
		AE4F7EDB20D9869E0050C176 /* Frameworks */ = {
			isa = PBXFrameworksBuildPhase;
			buildActionMask = 2147483647;
			files = (
				F2772CF693FC58EC9D46F939 /* Pods_WatchAndSee.framework in Frameworks */,
			);
			runOnlyForDeploymentPostprocessing = 0;
		};
/* End PBXFrameworksBuildPhase section */

/* Begin PBXGroup section */
		423BF91C20D996D8002021BA /* Services */ = {
			isa = PBXGroup;
			children = (
				423BF91820D98A80002021BA /* DatabaseService.swift */,
				4200E12620DBE581001B3F8C /* ParseManager.swift */,
				42D609B220E31FF800349CB4 /* ObjectsManager.swift */,
			);
			path = Services;
			sourceTree = "<group>";
		};
		423BF91D20D996F5002021BA /* Controllers */ = {
			isa = PBXGroup;
			children = (
				42453C7420E294BF00DD0400 /* Cells */,
				AE4F7EE320D9869F0050C176 /* ViewController.swift */,
				42501DB120E2A89100F67532 /* RecipesDetailsViewController.swift */,
				AEFE4E5520E175C900D5688E /* WatchTestViewController.swift */,
			);
			path = Controllers;
			sourceTree = "<group>";
		};
		423BF91E20D99710002021BA /* Model */ = {
			isa = PBXGroup;
			children = (
				423BF92320DA9BE9002021BA /* Recipes.swift */,
				42D609B420E321BC00349CB4 /* Category.swift */,
				AEB0091020DD42810089224B /* Step.swift */,
			);
			path = Model;
			sourceTree = "<group>";
		};
		423BF91F20D99714002021BA /* View */ = {
			isa = PBXGroup;
			children = (
				42453C5F20DD6A4A00DD0400 /* CardView.swift */,
				AE4F7EE520D9869F0050C176 /* Main.storyboard */,
				AE4F7EED20D986A10050C176 /* LaunchScreen.storyboard */,
			);
			path = View;
			sourceTree = "<group>";
		};
		423BF92020D99749002021BA /* Supporting Files */ = {
			isa = PBXGroup;
			children = (
				AE4F7EE120D9869E0050C176 /* AppDelegate.swift */,
			);
			path = "Supporting Files";
			sourceTree = "<group>";
		};
		42453C7420E294BF00DD0400 /* Cells */ = {
			isa = PBXGroup;
			children = (
				42453C6720DF380E00DD0400 /* RecipeCell.swift */,
				42453C6320DEC88100DD0400 /* CategoryCell.swift */,
			);
			path = Cells;
			sourceTree = "<group>";
		};
		512218BC4A0570B0B03171AC /* Frameworks */ = {
			isa = PBXGroup;
			children = (
				2E24E44CFB2E021E1A4E858A /* Pods_WatchAndSee.framework */,
			);
			name = Frameworks;
			sourceTree = "<group>";
		};
		6A9107CBCED49621C39D8B04 /* Pods */ = {
			isa = PBXGroup;
			children = (
				C48E515B42E128347C9FC879 /* Pods-WatchAndSee.debug.xcconfig */,
				55B9C0E03C3DACE156B916A8 /* Pods-WatchAndSee.release.xcconfig */,
			);
			name = Pods;
			sourceTree = "<group>";
		};
		AE1C083820DACBAC00B0BB14 /* WatchAndSee Watch */ = {
			isa = PBXGroup;
			children = (
				AE1C083920DACBAC00B0BB14 /* Interface.storyboard */,
				AE1C083C20DACBAD00B0BB14 /* Assets.xcassets */,
				AE1C083E20DACBAD00B0BB14 /* Info.plist */,
			);
			path = "WatchAndSee Watch";
			sourceTree = "<group>";
		};
		AE1C084720DACBAD00B0BB14 /* WatchAndSee Watch Extension */ = {
			isa = PBXGroup;
			children = (
				AE1C084820DACBAD00B0BB14 /* InterfaceController.swift */,
				AE1C084A20DACBAD00B0BB14 /* ExtensionDelegate.swift */,
				AE1C084C20DACBAD00B0BB14 /* NotificationController.swift */,
				AE1C084E20DACBAE00B0BB14 /* Assets.xcassets */,
				AE1C085020DACBAE00B0BB14 /* Info.plist */,
				AE1C085120DACBAE00B0BB14 /* PushNotificationPayload.apns */,
			);
			path = "WatchAndSee Watch Extension";
			sourceTree = "<group>";
		};
		AE4F7ED520D9869E0050C176 = {
			isa = PBXGroup;
			children = (
				AE4F7EE020D9869E0050C176 /* WatchAndSee */,
				AE1C083820DACBAC00B0BB14 /* WatchAndSee Watch */,
				AE1C084720DACBAD00B0BB14 /* WatchAndSee Watch Extension */,
				AE4F7EDF20D9869E0050C176 /* Products */,
				6A9107CBCED49621C39D8B04 /* Pods */,
				512218BC4A0570B0B03171AC /* Frameworks */,
			);
			sourceTree = "<group>";
		};
		AE4F7EDF20D9869E0050C176 /* Products */ = {
			isa = PBXGroup;
			children = (
				AE4F7EDE20D9869E0050C176 /* WatchAndSee.app */,
				AE1C083720DACBAC00B0BB14 /* WatchAndSee Watch.app */,
				AE1C084320DACBAD00B0BB14 /* WatchAndSee Watch Extension.appex */,
			);
			name = Products;
			sourceTree = "<group>";
		};
		AE4F7EE020D9869E0050C176 /* WatchAndSee */ = {
			isa = PBXGroup;
			children = (
				423BF92020D99749002021BA /* Supporting Files */,
				423BF91C20D996D8002021BA /* Services */,
				423BF91E20D99710002021BA /* Model */,
				423BF91F20D99714002021BA /* View */,
				423BF91D20D996F5002021BA /* Controllers */,
				AE4F7EF020D986A20050C176 /* Info.plist */,
				42453C6D20E28B3C00DD0400 /* LouisGeorgeCafe.ttf */,
				42453C6920E289FA00DD0400 /* LouisGeorgeCafeBold.ttf */,
				AE4F7EEB20D986A10050C176 /* Assets.xcassets */,
				423BF91A20D9919F002021BA /* GoogleService-Info.plist */,
				AE4F7EE820D9869F0050C176 /* WatchAndSee.xcdatamodeld */,
			);
			path = WatchAndSee;
			sourceTree = "<group>";
		};
/* End PBXGroup section */

/* Begin PBXNativeTarget section */
		AE1C083620DACBAC00B0BB14 /* WatchAndSee Watch */ = {
			isa = PBXNativeTarget;
			buildConfigurationList = AE1C085920DACBAE00B0BB14 /* Build configuration list for PBXNativeTarget "WatchAndSee Watch" */;
			buildPhases = (
				AE1C083520DACBAC00B0BB14 /* Resources */,
				AE1C085820DACBAE00B0BB14 /* Embed App Extensions */,
			);
			buildRules = (
			);
			dependencies = (
				AE1C084620DACBAD00B0BB14 /* PBXTargetDependency */,
			);
			name = "WatchAndSee Watch";
			productName = "WatchAndSee Watch";
			productReference = AE1C083720DACBAC00B0BB14 /* WatchAndSee Watch.app */;
			productType = "com.apple.product-type.application.watchapp2";
		};
		AE1C084220DACBAD00B0BB14 /* WatchAndSee Watch Extension */ = {
			isa = PBXNativeTarget;
			buildConfigurationList = AE1C085520DACBAE00B0BB14 /* Build configuration list for PBXNativeTarget "WatchAndSee Watch Extension" */;
			buildPhases = (
				AE1C083F20DACBAD00B0BB14 /* Sources */,
				AE1C084020DACBAD00B0BB14 /* Frameworks */,
				AE1C084120DACBAD00B0BB14 /* Resources */,
			);
			buildRules = (
			);
			dependencies = (
			);
			name = "WatchAndSee Watch Extension";
			productName = "WatchAndSee Watch Extension";
			productReference = AE1C084320DACBAD00B0BB14 /* WatchAndSee Watch Extension.appex */;
			productType = "com.apple.product-type.watchkit2-extension";
		};
		AE4F7EDD20D9869E0050C176 /* WatchAndSee */ = {
			isa = PBXNativeTarget;
			buildConfigurationList = AE4F7EF320D986A20050C176 /* Build configuration list for PBXNativeTarget "WatchAndSee" */;
			buildPhases = (
				C4FCEBCF57858EA6B56B8262 /* [CP] Check Pods Manifest.lock */,
				AE4F7EDA20D9869E0050C176 /* Sources */,
				AE4F7EDB20D9869E0050C176 /* Frameworks */,
				AE4F7EDC20D9869E0050C176 /* Resources */,
				AE4F7EF620D9872A0050C176 /* ShellScript */,
				CDE7530B92D7E57C8C577A8C /* [CP] Embed Pods Frameworks */,
				AE1C085C20DACBAE00B0BB14 /* Embed Watch Content */,
			);
			buildRules = (
			);
			dependencies = (
				AE1C085320DACBAE00B0BB14 /* PBXTargetDependency */,
			);
			name = WatchAndSee;
			productName = WatchAndSee;
			productReference = AE4F7EDE20D9869E0050C176 /* WatchAndSee.app */;
			productType = "com.apple.product-type.application";
		};
/* End PBXNativeTarget section */

/* Begin PBXProject section */
		AE4F7ED620D9869E0050C176 /* Project object */ = {
			isa = PBXProject;
			attributes = {
				LastSwiftUpdateCheck = 0940;
				LastUpgradeCheck = 0940;
				ORGANIZATIONNAME = "Matheus Garcia";
				TargetAttributes = {
					AE1C083620DACBAC00B0BB14 = {
						CreatedOnToolsVersion = 9.4.1;
					};
					AE1C084220DACBAD00B0BB14 = {
						CreatedOnToolsVersion = 9.4.1;
					};
					AE4F7EDD20D9869E0050C176 = {
						CreatedOnToolsVersion = 9.4.1;
					};
				};
			};
			buildConfigurationList = AE4F7ED920D9869E0050C176 /* Build configuration list for PBXProject "WatchAndSee" */;
			compatibilityVersion = "Xcode 9.3";
			developmentRegion = en;
			hasScannedForEncodings = 0;
			knownRegions = (
				en,
				Base,
			);
			mainGroup = AE4F7ED520D9869E0050C176;
			productRefGroup = AE4F7EDF20D9869E0050C176 /* Products */;
			projectDirPath = "";
			projectRoot = "";
			targets = (
				AE4F7EDD20D9869E0050C176 /* WatchAndSee */,
				AE1C083620DACBAC00B0BB14 /* WatchAndSee Watch */,
				AE1C084220DACBAD00B0BB14 /* WatchAndSee Watch Extension */,
			);
		};
/* End PBXProject section */

/* Begin PBXResourcesBuildPhase section */
		AE1C083520DACBAC00B0BB14 /* Resources */ = {
			isa = PBXResourcesBuildPhase;
			buildActionMask = 2147483647;
			files = (
				AE1C083D20DACBAD00B0BB14 /* Assets.xcassets in Resources */,
				42453C6F20E28B3D00DD0400 /* LouisGeorgeCafe.ttf in Resources */,
				AE1C083B20DACBAC00B0BB14 /* Interface.storyboard in Resources */,
				42453C6B20E289FB00DD0400 /* LouisGeorgeCafeBold.ttf in Resources */,
			);
			runOnlyForDeploymentPostprocessing = 0;
		};
		AE1C084120DACBAD00B0BB14 /* Resources */ = {
			isa = PBXResourcesBuildPhase;
			buildActionMask = 2147483647;
			files = (
				AE1C084F20DACBAE00B0BB14 /* Assets.xcassets in Resources */,
				42453C7020E28B3D00DD0400 /* LouisGeorgeCafe.ttf in Resources */,
				42453C6C20E289FB00DD0400 /* LouisGeorgeCafeBold.ttf in Resources */,
			);
			runOnlyForDeploymentPostprocessing = 0;
		};
		AE4F7EDC20D9869E0050C176 /* Resources */ = {
			isa = PBXResourcesBuildPhase;
			buildActionMask = 2147483647;
			files = (
				42453C6A20E289FB00DD0400 /* LouisGeorgeCafeBold.ttf in Resources */,
				42453C6E20E28B3D00DD0400 /* LouisGeorgeCafe.ttf in Resources */,
				AE4F7EEF20D986A10050C176 /* LaunchScreen.storyboard in Resources */,
				AE4F7EEC20D986A10050C176 /* Assets.xcassets in Resources */,
				AE4F7EE720D9869F0050C176 /* Main.storyboard in Resources */,
				423BF91B20D991A0002021BA /* GoogleService-Info.plist in Resources */,
			);
			runOnlyForDeploymentPostprocessing = 0;
		};
/* End PBXResourcesBuildPhase section */

/* Begin PBXShellScriptBuildPhase section */
		AE4F7EF620D9872A0050C176 /* ShellScript */ = {
			isa = PBXShellScriptBuildPhase;
			buildActionMask = 2147483647;
			files = (
			);
			inputPaths = (
			);
			outputPaths = (
			);
			runOnlyForDeploymentPostprocessing = 0;
			shellPath = /bin/sh;
			shellScript = "\"${PODS_ROOT}/SwiftLint/swiftlint\"";
		};
		C4FCEBCF57858EA6B56B8262 /* [CP] Check Pods Manifest.lock */ = {
			isa = PBXShellScriptBuildPhase;
			buildActionMask = 2147483647;
			files = (
			);
			inputPaths = (
				"${PODS_PODFILE_DIR_PATH}/Podfile.lock",
				"${PODS_ROOT}/Manifest.lock",
			);
			name = "[CP] Check Pods Manifest.lock";
			outputPaths = (
				"$(DERIVED_FILE_DIR)/Pods-WatchAndSee-checkManifestLockResult.txt",
			);
			runOnlyForDeploymentPostprocessing = 0;
			shellPath = /bin/sh;
			shellScript = "diff \"${PODS_PODFILE_DIR_PATH}/Podfile.lock\" \"${PODS_ROOT}/Manifest.lock\" > /dev/null\nif [ $? != 0 ] ; then\n    # print error to STDERR\n    echo \"error: The sandbox is not in sync with the Podfile.lock. Run 'pod install' or update your CocoaPods installation.\" >&2\n    exit 1\nfi\n# This output is used by Xcode 'outputs' to avoid re-running this script phase.\necho \"SUCCESS\" > \"${SCRIPT_OUTPUT_FILE_0}\"\n";
			showEnvVarsInLog = 0;
		};
		CDE7530B92D7E57C8C577A8C /* [CP] Embed Pods Frameworks */ = {
			isa = PBXShellScriptBuildPhase;
			buildActionMask = 2147483647;
			files = (
			);
			inputPaths = (
				"${SRCROOT}/Pods/Target Support Files/Pods-WatchAndSee/Pods-WatchAndSee-frameworks.sh",
				"${BUILT_PRODUCTS_DIR}/GoogleToolboxForMac/GoogleToolboxForMac.framework",
				"${BUILT_PRODUCTS_DIR}/leveldb-library/leveldb.framework",
				"${BUILT_PRODUCTS_DIR}/nanopb/nanopb.framework",
			);
			name = "[CP] Embed Pods Frameworks";
			outputPaths = (
				"${TARGET_BUILD_DIR}/${FRAMEWORKS_FOLDER_PATH}/GoogleToolboxForMac.framework",
				"${TARGET_BUILD_DIR}/${FRAMEWORKS_FOLDER_PATH}/leveldb.framework",
				"${TARGET_BUILD_DIR}/${FRAMEWORKS_FOLDER_PATH}/nanopb.framework",
			);
			runOnlyForDeploymentPostprocessing = 0;
			shellPath = /bin/sh;
			shellScript = "\"${SRCROOT}/Pods/Target Support Files/Pods-WatchAndSee/Pods-WatchAndSee-frameworks.sh\"\n";
			showEnvVarsInLog = 0;
		};
/* End PBXShellScriptBuildPhase section */

/* Begin PBXSourcesBuildPhase section */
		AE1C083F20DACBAD00B0BB14 /* Sources */ = {
			isa = PBXSourcesBuildPhase;
			buildActionMask = 2147483647;
			files = (
				AE1C084D20DACBAD00B0BB14 /* NotificationController.swift in Sources */,
				AE1C084B20DACBAD00B0BB14 /* ExtensionDelegate.swift in Sources */,
				AE1C084920DACBAD00B0BB14 /* InterfaceController.swift in Sources */,
			);
			runOnlyForDeploymentPostprocessing = 0;
		};
		AE4F7EDA20D9869E0050C176 /* Sources */ = {
			isa = PBXSourcesBuildPhase;
			buildActionMask = 2147483647;
			files = (
				423BF92420DA9BE9002021BA /* Recipes.swift in Sources */,
				42D609B320E31FF800349CB4 /* ObjectsManager.swift in Sources */,
				AE4F7EE420D9869F0050C176 /* ViewController.swift in Sources */,
				AE4F7EEA20D9869F0050C176 /* WatchAndSee.xcdatamodeld in Sources */,
				AEB0091120DD42810089224B /* Step.swift in Sources */,
				AEFE4E5620E175C900D5688E /* WatchTestViewController.swift in Sources */,
				4200E12720DBE581001B3F8C /* ParseManager.swift in Sources */,
				42453C6820DF380E00DD0400 /* RecipeCell.swift in Sources */,
				42453C6420DEC88100DD0400 /* CategoryCell.swift in Sources */,
				423BF91920D98A80002021BA /* DatabaseService.swift in Sources */,
				42501DB220E2A89100F67532 /* RecipesDetailsViewController.swift in Sources */,
				42453C6020DD6A4A00DD0400 /* CardView.swift in Sources */,
				AE4F7EE220D9869E0050C176 /* AppDelegate.swift in Sources */,
				42D609B520E321BC00349CB4 /* Category.swift in Sources */,
			);
			runOnlyForDeploymentPostprocessing = 0;
		};
/* End PBXSourcesBuildPhase section */

/* Begin PBXTargetDependency section */
		AE1C084620DACBAD00B0BB14 /* PBXTargetDependency */ = {
			isa = PBXTargetDependency;
			target = AE1C084220DACBAD00B0BB14 /* WatchAndSee Watch Extension */;
			targetProxy = AE1C084520DACBAD00B0BB14 /* PBXContainerItemProxy */;
		};
		AE1C085320DACBAE00B0BB14 /* PBXTargetDependency */ = {
			isa = PBXTargetDependency;
			target = AE1C083620DACBAC00B0BB14 /* WatchAndSee Watch */;
			targetProxy = AE1C085220DACBAE00B0BB14 /* PBXContainerItemProxy */;
		};
/* End PBXTargetDependency section */

/* Begin PBXVariantGroup section */
		AE1C083920DACBAC00B0BB14 /* Interface.storyboard */ = {
			isa = PBXVariantGroup;
			children = (
				AE1C083A20DACBAC00B0BB14 /* Base */,
			);
			name = Interface.storyboard;
			sourceTree = "<group>";
		};
		AE4F7EE520D9869F0050C176 /* Main.storyboard */ = {
			isa = PBXVariantGroup;
			children = (
				AE4F7EE620D9869F0050C176 /* Base */,
			);
			name = Main.storyboard;
			sourceTree = "<group>";
		};
		AE4F7EED20D986A10050C176 /* LaunchScreen.storyboard */ = {
			isa = PBXVariantGroup;
			children = (
				AE4F7EEE20D986A10050C176 /* Base */,
			);
			name = LaunchScreen.storyboard;
			sourceTree = "<group>";
		};
/* End PBXVariantGroup section */

/* Begin XCBuildConfiguration section */
		AE1C085620DACBAE00B0BB14 /* Debug */ = {
			isa = XCBuildConfiguration;
			buildSettings = {
				ASSETCATALOG_COMPILER_COMPLICATION_NAME = Complication;
				CODE_SIGN_STYLE = Automatic;
				DEVELOPMENT_TEAM = 7W6V69HBWC;
				INFOPLIST_FILE = "WatchAndSee Watch Extension/Info.plist";
				LD_RUNPATH_SEARCH_PATHS = (
					"$(inherited)",
					"@executable_path/Frameworks",
					"@executable_path/../../Frameworks",
				);
				PRODUCT_BUNDLE_IDENTIFIER = com.CookingAndQueens.WatchAndSee.watchkitapp.watchkitextension;
				PRODUCT_NAME = "${TARGET_NAME}";
				SDKROOT = watchos;
				SKIP_INSTALL = YES;
				SWIFT_VERSION = 4.0;
				TARGETED_DEVICE_FAMILY = 4;
				WATCHOS_DEPLOYMENT_TARGET = 4.0;
			};
			name = Debug;
		};
		AE1C085720DACBAE00B0BB14 /* Release */ = {
			isa = XCBuildConfiguration;
			buildSettings = {
				ASSETCATALOG_COMPILER_COMPLICATION_NAME = Complication;
				CODE_SIGN_STYLE = Automatic;
				DEVELOPMENT_TEAM = 7W6V69HBWC;
				INFOPLIST_FILE = "WatchAndSee Watch Extension/Info.plist";
				LD_RUNPATH_SEARCH_PATHS = (
					"$(inherited)",
					"@executable_path/Frameworks",
					"@executable_path/../../Frameworks",
				);
				PRODUCT_BUNDLE_IDENTIFIER = com.CookingAndQueens.WatchAndSee.watchkitapp.watchkitextension;
				PRODUCT_NAME = "${TARGET_NAME}";
				SDKROOT = watchos;
				SKIP_INSTALL = YES;
				SWIFT_VERSION = 4.0;
				TARGETED_DEVICE_FAMILY = 4;
				WATCHOS_DEPLOYMENT_TARGET = 4.0;
			};
			name = Release;
		};
		AE1C085A20DACBAE00B0BB14 /* Debug */ = {
			isa = XCBuildConfiguration;
			buildSettings = {
				ALWAYS_EMBED_SWIFT_STANDARD_LIBRARIES = YES;
				ASSETCATALOG_COMPILER_APPICON_NAME = AppIcon;
				CODE_SIGN_STYLE = Automatic;
				DEVELOPMENT_TEAM = 7W6V69HBWC;
				IBSC_MODULE = WatchAndSee_Watch_Extension;
				INFOPLIST_FILE = "WatchAndSee Watch/Info.plist";
				PRODUCT_BUNDLE_IDENTIFIER = com.CookingAndQueens.WatchAndSee.watchkitapp;
				PRODUCT_NAME = "$(TARGET_NAME)";
				SDKROOT = watchos;
				SKIP_INSTALL = YES;
				SWIFT_VERSION = 4.0;
				TARGETED_DEVICE_FAMILY = 4;
				WATCHOS_DEPLOYMENT_TARGET = 4.0;
			};
			name = Debug;
		};
		AE1C085B20DACBAE00B0BB14 /* Release */ = {
			isa = XCBuildConfiguration;
			buildSettings = {
				ALWAYS_EMBED_SWIFT_STANDARD_LIBRARIES = YES;
				ASSETCATALOG_COMPILER_APPICON_NAME = AppIcon;
				CODE_SIGN_STYLE = Automatic;
				DEVELOPMENT_TEAM = 7W6V69HBWC;
				IBSC_MODULE = WatchAndSee_Watch_Extension;
				INFOPLIST_FILE = "WatchAndSee Watch/Info.plist";
				PRODUCT_BUNDLE_IDENTIFIER = com.CookingAndQueens.WatchAndSee.watchkitapp;
				PRODUCT_NAME = "$(TARGET_NAME)";
				SDKROOT = watchos;
				SKIP_INSTALL = YES;
				SWIFT_VERSION = 4.0;
				TARGETED_DEVICE_FAMILY = 4;
				WATCHOS_DEPLOYMENT_TARGET = 4.0;
			};
			name = Release;
		};
		AE4F7EF120D986A20050C176 /* Debug */ = {
			isa = XCBuildConfiguration;
			buildSettings = {
				ALWAYS_SEARCH_USER_PATHS = NO;
				CLANG_ANALYZER_NONNULL = YES;
				CLANG_ANALYZER_NUMBER_OBJECT_CONVERSION = YES_AGGRESSIVE;
				CLANG_CXX_LANGUAGE_STANDARD = "gnu++14";
				CLANG_CXX_LIBRARY = "libc++";
				CLANG_ENABLE_MODULES = YES;
				CLANG_ENABLE_OBJC_ARC = YES;
				CLANG_ENABLE_OBJC_WEAK = YES;
				CLANG_WARN_BLOCK_CAPTURE_AUTORELEASING = YES;
				CLANG_WARN_BOOL_CONVERSION = YES;
				CLANG_WARN_COMMA = YES;
				CLANG_WARN_CONSTANT_CONVERSION = YES;
				CLANG_WARN_DEPRECATED_OBJC_IMPLEMENTATIONS = YES;
				CLANG_WARN_DIRECT_OBJC_ISA_USAGE = YES_ERROR;
				CLANG_WARN_DOCUMENTATION_COMMENTS = YES;
				CLANG_WARN_EMPTY_BODY = YES;
				CLANG_WARN_ENUM_CONVERSION = YES;
				CLANG_WARN_INFINITE_RECURSION = YES;
				CLANG_WARN_INT_CONVERSION = YES;
				CLANG_WARN_NON_LITERAL_NULL_CONVERSION = YES;
				CLANG_WARN_OBJC_IMPLICIT_RETAIN_SELF = YES;
				CLANG_WARN_OBJC_LITERAL_CONVERSION = YES;
				CLANG_WARN_OBJC_ROOT_CLASS = YES_ERROR;
				CLANG_WARN_RANGE_LOOP_ANALYSIS = YES;
				CLANG_WARN_STRICT_PROTOTYPES = YES;
				CLANG_WARN_SUSPICIOUS_MOVE = YES;
				CLANG_WARN_UNGUARDED_AVAILABILITY = YES_AGGRESSIVE;
				CLANG_WARN_UNREACHABLE_CODE = YES;
				CLANG_WARN__DUPLICATE_METHOD_MATCH = YES;
				CODE_SIGN_IDENTITY = "iPhone Developer";
				COPY_PHASE_STRIP = NO;
				DEBUG_INFORMATION_FORMAT = dwarf;
				ENABLE_STRICT_OBJC_MSGSEND = YES;
				ENABLE_TESTABILITY = YES;
				GCC_C_LANGUAGE_STANDARD = gnu11;
				GCC_DYNAMIC_NO_PIC = NO;
				GCC_NO_COMMON_BLOCKS = YES;
				GCC_OPTIMIZATION_LEVEL = 0;
				GCC_PREPROCESSOR_DEFINITIONS = (
					"DEBUG=1",
					"$(inherited)",
				);
				GCC_WARN_64_TO_32_BIT_CONVERSION = YES;
				GCC_WARN_ABOUT_RETURN_TYPE = YES_ERROR;
				GCC_WARN_UNDECLARED_SELECTOR = YES;
				GCC_WARN_UNINITIALIZED_AUTOS = YES_AGGRESSIVE;
				GCC_WARN_UNUSED_FUNCTION = YES;
				GCC_WARN_UNUSED_VARIABLE = YES;
				IPHONEOS_DEPLOYMENT_TARGET = 11.4;
				MTL_ENABLE_DEBUG_INFO = YES;
				ONLY_ACTIVE_ARCH = YES;
				SDKROOT = iphoneos;
				STRIP_BITCODE_FROM_COPIED_FILES = NO;
				SWIFT_ACTIVE_COMPILATION_CONDITIONS = DEBUG;
				SWIFT_OPTIMIZATION_LEVEL = "-Onone";
				WATCHOS_DEPLOYMENT_TARGET = 4.0;
			};
			name = Debug;
		};
		AE4F7EF220D986A20050C176 /* Release */ = {
			isa = XCBuildConfiguration;
			buildSettings = {
				ALWAYS_SEARCH_USER_PATHS = NO;
				CLANG_ANALYZER_NONNULL = YES;
				CLANG_ANALYZER_NUMBER_OBJECT_CONVERSION = YES_AGGRESSIVE;
				CLANG_CXX_LANGUAGE_STANDARD = "gnu++14";
				CLANG_CXX_LIBRARY = "libc++";
				CLANG_ENABLE_MODULES = YES;
				CLANG_ENABLE_OBJC_ARC = YES;
				CLANG_ENABLE_OBJC_WEAK = YES;
				CLANG_WARN_BLOCK_CAPTURE_AUTORELEASING = YES;
				CLANG_WARN_BOOL_CONVERSION = YES;
				CLANG_WARN_COMMA = YES;
				CLANG_WARN_CONSTANT_CONVERSION = YES;
				CLANG_WARN_DEPRECATED_OBJC_IMPLEMENTATIONS = YES;
				CLANG_WARN_DIRECT_OBJC_ISA_USAGE = YES_ERROR;
				CLANG_WARN_DOCUMENTATION_COMMENTS = YES;
				CLANG_WARN_EMPTY_BODY = YES;
				CLANG_WARN_ENUM_CONVERSION = YES;
				CLANG_WARN_INFINITE_RECURSION = YES;
				CLANG_WARN_INT_CONVERSION = YES;
				CLANG_WARN_NON_LITERAL_NULL_CONVERSION = YES;
				CLANG_WARN_OBJC_IMPLICIT_RETAIN_SELF = YES;
				CLANG_WARN_OBJC_LITERAL_CONVERSION = YES;
				CLANG_WARN_OBJC_ROOT_CLASS = YES_ERROR;
				CLANG_WARN_RANGE_LOOP_ANALYSIS = YES;
				CLANG_WARN_STRICT_PROTOTYPES = YES;
				CLANG_WARN_SUSPICIOUS_MOVE = YES;
				CLANG_WARN_UNGUARDED_AVAILABILITY = YES_AGGRESSIVE;
				CLANG_WARN_UNREACHABLE_CODE = YES;
				CLANG_WARN__DUPLICATE_METHOD_MATCH = YES;
				CODE_SIGN_IDENTITY = "iPhone Developer";
				COPY_PHASE_STRIP = NO;
				DEBUG_INFORMATION_FORMAT = "dwarf-with-dsym";
				ENABLE_NS_ASSERTIONS = NO;
				ENABLE_STRICT_OBJC_MSGSEND = YES;
				GCC_C_LANGUAGE_STANDARD = gnu11;
				GCC_NO_COMMON_BLOCKS = YES;
				GCC_WARN_64_TO_32_BIT_CONVERSION = YES;
				GCC_WARN_ABOUT_RETURN_TYPE = YES_ERROR;
				GCC_WARN_UNDECLARED_SELECTOR = YES;
				GCC_WARN_UNINITIALIZED_AUTOS = YES_AGGRESSIVE;
				GCC_WARN_UNUSED_FUNCTION = YES;
				GCC_WARN_UNUSED_VARIABLE = YES;
				IPHONEOS_DEPLOYMENT_TARGET = 11.4;
				MTL_ENABLE_DEBUG_INFO = NO;
				SDKROOT = iphoneos;
				STRIP_BITCODE_FROM_COPIED_FILES = NO;
				SWIFT_COMPILATION_MODE = wholemodule;
				SWIFT_OPTIMIZATION_LEVEL = "-O";
				VALIDATE_PRODUCT = YES;
				WATCHOS_DEPLOYMENT_TARGET = 4.0;
			};
			name = Release;
		};
		AE4F7EF420D986A20050C176 /* Debug */ = {
			isa = XCBuildConfiguration;
			baseConfigurationReference = C48E515B42E128347C9FC879 /* Pods-WatchAndSee.debug.xcconfig */;
			buildSettings = {
				ASSETCATALOG_COMPILER_APPICON_NAME = AppIcon;
				CODE_SIGN_STYLE = Automatic;
				DEVELOPMENT_TEAM = 7W6V69HBWC;
				INFOPLIST_FILE = WatchAndSee/Info.plist;
				LD_RUNPATH_SEARCH_PATHS = (
					"$(inherited)",
					"@executable_path/Frameworks",
				);
				PRODUCT_BUNDLE_IDENTIFIER = com.CookingAndQueens.WatchAndSee;
				PRODUCT_NAME = "$(TARGET_NAME)";
				SWIFT_VERSION = 4.0;
				TARGETED_DEVICE_FAMILY = "1,2";
			};
			name = Debug;
		};
		AE4F7EF520D986A20050C176 /* Release */ = {
			isa = XCBuildConfiguration;
			baseConfigurationReference = 55B9C0E03C3DACE156B916A8 /* Pods-WatchAndSee.release.xcconfig */;
			buildSettings = {
				ASSETCATALOG_COMPILER_APPICON_NAME = AppIcon;
				CODE_SIGN_STYLE = Automatic;
				DEVELOPMENT_TEAM = 7W6V69HBWC;
				INFOPLIST_FILE = WatchAndSee/Info.plist;
				LD_RUNPATH_SEARCH_PATHS = (
					"$(inherited)",
					"@executable_path/Frameworks",
				);
				PRODUCT_BUNDLE_IDENTIFIER = com.CookingAndQueens.WatchAndSee;
				PRODUCT_NAME = "$(TARGET_NAME)";
				SWIFT_VERSION = 4.0;
				TARGETED_DEVICE_FAMILY = "1,2";
			};
			name = Release;
		};
/* End XCBuildConfiguration section */

/* Begin XCConfigurationList section */
		AE1C085520DACBAE00B0BB14 /* Build configuration list for PBXNativeTarget "WatchAndSee Watch Extension" */ = {
			isa = XCConfigurationList;
			buildConfigurations = (
				AE1C085620DACBAE00B0BB14 /* Debug */,
				AE1C085720DACBAE00B0BB14 /* Release */,
			);
			defaultConfigurationIsVisible = 0;
			defaultConfigurationName = Release;
		};
		AE1C085920DACBAE00B0BB14 /* Build configuration list for PBXNativeTarget "WatchAndSee Watch" */ = {
			isa = XCConfigurationList;
			buildConfigurations = (
				AE1C085A20DACBAE00B0BB14 /* Debug */,
				AE1C085B20DACBAE00B0BB14 /* Release */,
			);
			defaultConfigurationIsVisible = 0;
			defaultConfigurationName = Release;
		};
		AE4F7ED920D9869E0050C176 /* Build configuration list for PBXProject "WatchAndSee" */ = {
			isa = XCConfigurationList;
			buildConfigurations = (
				AE4F7EF120D986A20050C176 /* Debug */,
				AE4F7EF220D986A20050C176 /* Release */,
			);
			defaultConfigurationIsVisible = 0;
			defaultConfigurationName = Release;
		};
		AE4F7EF320D986A20050C176 /* Build configuration list for PBXNativeTarget "WatchAndSee" */ = {
			isa = XCConfigurationList;
			buildConfigurations = (
				AE4F7EF420D986A20050C176 /* Debug */,
				AE4F7EF520D986A20050C176 /* Release */,
			);
			defaultConfigurationIsVisible = 0;
			defaultConfigurationName = Release;
		};
/* End XCConfigurationList section */

/* Begin XCVersionGroup section */
		AE4F7EE820D9869F0050C176 /* WatchAndSee.xcdatamodeld */ = {
			isa = XCVersionGroup;
			children = (
				AE4F7EE920D9869F0050C176 /* WatchAndSee.xcdatamodel */,
			);
			currentVersion = AE4F7EE920D9869F0050C176 /* WatchAndSee.xcdatamodel */;
			path = WatchAndSee.xcdatamodeld;
			sourceTree = "<group>";
			versionGroupType = wrapper.xcdatamodel;
		};
/* End XCVersionGroup section */
	};
	rootObject = AE4F7ED620D9869E0050C176 /* Project object */;
}
